
Microsoft Visual Studio Solution File, Format Version 12.00
# Visual Studio Version 16
VisualStudioVersion = 16.0.29905.134
MinimumVisualStudioVersion = 10.0.40219.1
Project("{FAE04EC0-301F-11D3-BF4B-00C04F79EFBC}") = "TRAWebApplication", "TRAWebApplication\TRAWebApplication.csproj", "{D50E04FC-3F52-4726-9C0F-8211B35812C0}"
EndProject
Global
	GlobalSection(SolutionConfigurationPlatforms) = preSolution
		Debug|Any CPU = Debug|Any CPU
		Release|Any CPU = Release|Any CPU
	EndGlobalSection
	GlobalSection(ProjectConfigurationPlatforms) = postSolution
		{D50E04FC-3F52-4726-9C0F-8211B35812C0}.Debug|Any CPU.ActiveCfg = Debug|Any CPU
		{D50E04FC-3F52-4726-9C0F-8211B35812C0}.Debug|Any CPU.Build.0 = Debug|Any CPU
		{D50E04FC-3F52-4726-9C0F-8211B35812C0}.Release|Any CPU.ActiveCfg = Release|Any CPU
		{D50E04FC-3F52-4726-9C0F-8211B35812C0}.Release|Any CPU.Build.0 = Release|Any CPU
	EndGlobalSection
	GlobalSection(SolutionProperties) = preSolution
		HideSolutionNode = FALSE
	EndGlobalSection
	GlobalSection(ExtensibilityGlobals) = postSolution
		SolutionGuid = {FE92559B-A9E3-44C4-980C-DDDC0F826B4B}
	EndGlobalSection
	GlobalSection(TeamFoundationVersionControl) = preSolution
		SccNumberOfProjects = 2
		SccEnterpriseProvider = {4CA58AB2-18FA-4F8D-95D4-32DDF27D184C}
		SccTeamFoundationServer = https://dev.azure.com/fccaccount
		SccLocalPath0 = .
		SccProjectUniqueName1 = TRAWebApplication\\TRAWebApplication.csproj
		SccProjectName1 = TRAWebApplication
		SccLocalPath1 = TRAWebApplication
	EndGlobalSection
EndGlobal
